
Microsoft Visual Studio Solution File, Format Version 12.00
# Visual Studio Version 17
VisualStudioVersion = 17.7.34302.85
MinimumVisualStudioVersion = 10.0.40219.1
Project("{9A19103F-16F7-4668-BE54-9A1E7A4F7556}") = "SepBank", "SepBank\SepBank.csproj", "{A7FA60B9-84B1-4908-8FC0-7C0E80CA68B3}"
EndProject
Project("{9A19103F-16F7-4668-BE54-9A1E7A4F7556}") = "SepPCC", "SepPCC\SepPCC.csproj", "{58E40AA2-4B04-4EF6-96CC-F109EA9835BA}"
EndProject
Project("{E53339B2-1760-4266-BCC7-CA923CBCF16C}") = "docker-compose", "docker-compose.dcproj", "{8ABE1E88-CE62-4BC0-9770-F62A47BD7CE7}"
EndProject
Global
	GlobalSection(SolutionConfigurationPlatforms) = preSolution
		Debug|Any CPU = Debug|Any CPU
		Release|Any CPU = Release|Any CPU
	EndGlobalSection
	GlobalSection(ProjectConfigurationPlatforms) = postSolution
		{A7FA60B9-84B1-4908-8FC0-7C0E80CA68B3}.Debug|Any CPU.ActiveCfg = Debug|Any CPU
		{A7FA60B9-84B1-4908-8FC0-7C0E80CA68B3}.Debug|Any CPU.Build.0 = Debug|Any CPU
		{A7FA60B9-84B1-4908-8FC0-7C0E80CA68B3}.Release|Any CPU.ActiveCfg = Release|Any CPU
		{A7FA60B9-84B1-4908-8FC0-7C0E80CA68B3}.Release|Any CPU.Build.0 = Release|Any CPU
		{58E40AA2-4B04-4EF6-96CC-F109EA9835BA}.Debug|Any CPU.ActiveCfg = Debug|Any CPU
		{58E40AA2-4B04-4EF6-96CC-F109EA9835BA}.Debug|Any CPU.Build.0 = Debug|Any CPU
		{58E40AA2-4B04-4EF6-96CC-F109EA9835BA}.Release|Any CPU.ActiveCfg = Release|Any CPU
		{58E40AA2-4B04-4EF6-96CC-F109EA9835BA}.Release|Any CPU.Build.0 = Release|Any CPU
		{8ABE1E88-CE62-4BC0-9770-F62A47BD7CE7}.Debug|Any CPU.ActiveCfg = Debug|Any CPU
		{8ABE1E88-CE62-4BC0-9770-F62A47BD7CE7}.Debug|Any CPU.Build.0 = Debug|Any CPU
		{8ABE1E88-CE62-4BC0-9770-F62A47BD7CE7}.Release|Any CPU.ActiveCfg = Release|Any CPU
		{8ABE1E88-CE62-4BC0-9770-F62A47BD7CE7}.Release|Any CPU.Build.0 = Release|Any CPU
	EndGlobalSection
	GlobalSection(SolutionProperties) = preSolution
		HideSolutionNode = FALSE
	EndGlobalSection
	GlobalSection(ExtensibilityGlobals) = postSolution
		SolutionGuid = {C110D23B-7202-4147-A89F-7730E3F1A202}
	EndGlobalSection
EndGlobal
